
Microsoft Visual Studio Solution File, Format Version 12.00
# Visual Studio Version 17
VisualStudioVersion = 17.9.34607.119
MinimumVisualStudioVersion = 10.0.40219.1
Project("{9A19103F-16F7-4668-BE54-9A1E7A4F7556}") = "Zadanie1", "Zadanie1\Zadanie1.csproj", "{A5D6C3BC-402D-4877-A52A-BD56F97A6C64}"
EndProject
Project("{9A19103F-16F7-4668-BE54-9A1E7A4F7556}") = "Zadanie1TestProject", "Zadanie1TestProject\Zadanie1TestProject.csproj", "{C1552B90-2F68-471B-8A39-CF82AE2480C8}"
EndProject
Project("{9A19103F-16F7-4668-BE54-9A1E7A4F7556}") = "Zadanie2", "Zadanie2\Zadanie2.csproj", "{2FD4A57F-9FC7-455F-96DE-5AA81416C8B4}"
EndProject
Project("{9A19103F-16F7-4668-BE54-9A1E7A4F7556}") = "DocumentsDevices", "DocumentsDevices\DocumentsDevices.csproj", "{D12AB5A0-ED72-4AA3-82D7-A562B3D72E52}"
EndProject
Project("{9A19103F-16F7-4668-BE54-9A1E7A4F7556}") = "Zadanie2TestProject", "Zadanie2TestProject\Zadanie2TestProject.csproj", "{12298AED-2AA9-4F54-9AE8-2FE1CC6BF88F}"
EndProject
Project("{9A19103F-16F7-4668-BE54-9A1E7A4F7556}") = "Zadanie3", "Zadanie3\Zadanie3.csproj", "{613EBA5E-9B68-4C0F-AE42-C3C60DF342F0}"
EndProject
Project("{FAE04EC0-301F-11D3-BF4B-00C04F79EFBC}") = "Zadanie3TestProject", "Zadanie3TestProject\Zadanie3TestProject.csproj", "{6A582997-4ED0-446E-A7E9-24DD6198B459}"
EndProject
Global
	GlobalSection(SolutionConfigurationPlatforms) = preSolution
		Debug|Any CPU = Debug|Any CPU
		Release|Any CPU = Release|Any CPU
	EndGlobalSection
	GlobalSection(ProjectConfigurationPlatforms) = postSolution
		{A5D6C3BC-402D-4877-A52A-BD56F97A6C64}.Debug|Any CPU.ActiveCfg = Debug|Any CPU
		{A5D6C3BC-402D-4877-A52A-BD56F97A6C64}.Debug|Any CPU.Build.0 = Debug|Any CPU
		{A5D6C3BC-402D-4877-A52A-BD56F97A6C64}.Release|Any CPU.ActiveCfg = Release|Any CPU
		{A5D6C3BC-402D-4877-A52A-BD56F97A6C64}.Release|Any CPU.Build.0 = Release|Any CPU
		{C1552B90-2F68-471B-8A39-CF82AE2480C8}.Debug|Any CPU.ActiveCfg = Debug|Any CPU
		{C1552B90-2F68-471B-8A39-CF82AE2480C8}.Debug|Any CPU.Build.0 = Debug|Any CPU
		{C1552B90-2F68-471B-8A39-CF82AE2480C8}.Release|Any CPU.ActiveCfg = Release|Any CPU
		{C1552B90-2F68-471B-8A39-CF82AE2480C8}.Release|Any CPU.Build.0 = Release|Any CPU
		{2FD4A57F-9FC7-455F-96DE-5AA81416C8B4}.Debug|Any CPU.ActiveCfg = Debug|Any CPU
		{2FD4A57F-9FC7-455F-96DE-5AA81416C8B4}.Debug|Any CPU.Build.0 = Debug|Any CPU
		{2FD4A57F-9FC7-455F-96DE-5AA81416C8B4}.Release|Any CPU.ActiveCfg = Release|Any CPU
		{2FD4A57F-9FC7-455F-96DE-5AA81416C8B4}.Release|Any CPU.Build.0 = Release|Any CPU
		{D12AB5A0-ED72-4AA3-82D7-A562B3D72E52}.Debug|Any CPU.ActiveCfg = Debug|Any CPU
		{D12AB5A0-ED72-4AA3-82D7-A562B3D72E52}.Debug|Any CPU.Build.0 = Debug|Any CPU
		{D12AB5A0-ED72-4AA3-82D7-A562B3D72E52}.Release|Any CPU.ActiveCfg = Release|Any CPU
		{D12AB5A0-ED72-4AA3-82D7-A562B3D72E52}.Release|Any CPU.Build.0 = Release|Any CPU
		{12298AED-2AA9-4F54-9AE8-2FE1CC6BF88F}.Debug|Any CPU.ActiveCfg = Debug|Any CPU
		{12298AED-2AA9-4F54-9AE8-2FE1CC6BF88F}.Debug|Any CPU.Build.0 = Debug|Any CPU
		{12298AED-2AA9-4F54-9AE8-2FE1CC6BF88F}.Release|Any CPU.ActiveCfg = Release|Any CPU
		{12298AED-2AA9-4F54-9AE8-2FE1CC6BF88F}.Release|Any CPU.Build.0 = Release|Any CPU
		{613EBA5E-9B68-4C0F-AE42-C3C60DF342F0}.Debug|Any CPU.ActiveCfg = Debug|Any CPU
		{613EBA5E-9B68-4C0F-AE42-C3C60DF342F0}.Debug|Any CPU.Build.0 = Debug|Any CPU
		{613EBA5E-9B68-4C0F-AE42-C3C60DF342F0}.Release|Any CPU.ActiveCfg = Release|Any CPU
		{613EBA5E-9B68-4C0F-AE42-C3C60DF342F0}.Release|Any CPU.Build.0 = Release|Any CPU
		{6A582997-4ED0-446E-A7E9-24DD6198B459}.Debug|Any CPU.ActiveCfg = Debug|Any CPU
		{6A582997-4ED0-446E-A7E9-24DD6198B459}.Debug|Any CPU.Build.0 = Debug|Any CPU
		{6A582997-4ED0-446E-A7E9-24DD6198B459}.Release|Any CPU.ActiveCfg = Release|Any CPU
		{6A582997-4ED0-446E-A7E9-24DD6198B459}.Release|Any CPU.Build.0 = Release|Any CPU
	EndGlobalSection
	GlobalSection(SolutionProperties) = preSolution
		HideSolutionNode = FALSE
	EndGlobalSection
	GlobalSection(ExtensibilityGlobals) = postSolution
		SolutionGuid = {E43E4F2F-5B9B-487C-AFAB-F436B9DD90D5}
	EndGlobalSection
EndGlobal
