
Microsoft Visual Studio Solution File, Format Version 12.00
# Visual Studio Version 17
VisualStudioVersion = 17.9.34607.119
MinimumVisualStudioVersion = 10.0.40219.1
Project("{FAE04EC0-301F-11D3-BF4B-00C04F79EFBC}") = "Copier", "Copier\Copier.csproj", "{110FB1ED-BEEB-4641-80C3-B02075A06774}"
EndProject
Global
	GlobalSection(SolutionConfigurationPlatforms) = preSolution
		Debug|Any CPU = Debug|Any CPU
		Release|Any CPU = Release|Any CPU
	EndGlobalSection
	GlobalSection(ProjectConfigurationPlatforms) = postSolution
		{110FB1ED-BEEB-4641-80C3-B02075A06774}.Debug|Any CPU.ActiveCfg = Debug|Any CPU
		{110FB1ED-BEEB-4641-80C3-B02075A06774}.Debug|Any CPU.Build.0 = Debug|Any CPU
		{110FB1ED-BEEB-4641-80C3-B02075A06774}.Release|Any CPU.ActiveCfg = Release|Any CPU
		{110FB1ED-BEEB-4641-80C3-B02075A06774}.Release|Any CPU.Build.0 = Release|Any CPU
	EndGlobalSection
	GlobalSection(SolutionProperties) = preSolution
		HideSolutionNode = FALSE
	EndGlobalSection
	GlobalSection(ExtensibilityGlobals) = postSolution
		SolutionGuid = {E43E4F2F-5B9B-487C-AFAB-F436B9DD90D5}
	EndGlobalSection
EndGlobal
